
Microsoft Visual Studio Solution File, Format Version 12.00
# Visual Studio Version 17
VisualStudioVersion = 17.0.31903.59
MinimumVisualStudioVersion = 10.0.40219.1
Project("{FAE04EC0-301F-11D3-BF4B-00C04F79EFBC}") = "Refeitep.Api.App", "Refeitep.Api.App\Refeitep.Api.App.csproj", "{71E76E9F-E365-4992-A195-E10133CC4FA1}"
EndProject
Project("{FAE04EC0-301F-11D3-BF4B-00C04F79EFBC}") = "Refeitep.Api.Models", "Refeitep.Api.Models\Refeitep.Api.Models.csproj", "{EFDC5CFE-9EEA-4E1E-B633-261B9D37578D}"
EndProject
Project("{FAE04EC0-301F-11D3-BF4B-00C04F79EFBC}") = "Refeitep.Api.Service.Dispositivo", "Refeitep.Api.Service.Dispositivo\Refeitep.Api.Service.Dispositivo.csproj", "{AA8BDD8F-933D-4C4F-BE8F-33FEA9CA58C9}"
EndProject
Project("{FAE04EC0-301F-11D3-BF4B-00C04F79EFBC}") = "Refeitep.Api.Repository", "Refeitep.Api.Repository\Refeitep.Api.Repository.csproj", "{9DA176A7-B510-4C20-9FB4-B99BAF7E3517}"
EndProject
Global
	GlobalSection(SolutionConfigurationPlatforms) = preSolution
		Debug|Any CPU = Debug|Any CPU
		Release|Any CPU = Release|Any CPU
	EndGlobalSection
	GlobalSection(SolutionProperties) = preSolution
		HideSolutionNode = FALSE
	EndGlobalSection
	GlobalSection(ProjectConfigurationPlatforms) = postSolution
		{71E76E9F-E365-4992-A195-E10133CC4FA1}.Debug|Any CPU.ActiveCfg = Debug|Any CPU
		{71E76E9F-E365-4992-A195-E10133CC4FA1}.Debug|Any CPU.Build.0 = Debug|Any CPU
		{71E76E9F-E365-4992-A195-E10133CC4FA1}.Release|Any CPU.ActiveCfg = Release|Any CPU
		{71E76E9F-E365-4992-A195-E10133CC4FA1}.Release|Any CPU.Build.0 = Release|Any CPU
		{EFDC5CFE-9EEA-4E1E-B633-261B9D37578D}.Debug|Any CPU.ActiveCfg = Debug|Any CPU
		{EFDC5CFE-9EEA-4E1E-B633-261B9D37578D}.Debug|Any CPU.Build.0 = Debug|Any CPU
		{EFDC5CFE-9EEA-4E1E-B633-261B9D37578D}.Release|Any CPU.ActiveCfg = Release|Any CPU
		{EFDC5CFE-9EEA-4E1E-B633-261B9D37578D}.Release|Any CPU.Build.0 = Release|Any CPU
		{AA8BDD8F-933D-4C4F-BE8F-33FEA9CA58C9}.Debug|Any CPU.ActiveCfg = Debug|Any CPU
		{AA8BDD8F-933D-4C4F-BE8F-33FEA9CA58C9}.Debug|Any CPU.Build.0 = Debug|Any CPU
		{AA8BDD8F-933D-4C4F-BE8F-33FEA9CA58C9}.Release|Any CPU.ActiveCfg = Release|Any CPU
		{AA8BDD8F-933D-4C4F-BE8F-33FEA9CA58C9}.Release|Any CPU.Build.0 = Release|Any CPU
		{9DA176A7-B510-4C20-9FB4-B99BAF7E3517}.Debug|Any CPU.ActiveCfg = Debug|Any CPU
		{9DA176A7-B510-4C20-9FB4-B99BAF7E3517}.Debug|Any CPU.Build.0 = Debug|Any CPU
		{9DA176A7-B510-4C20-9FB4-B99BAF7E3517}.Release|Any CPU.ActiveCfg = Release|Any CPU
		{9DA176A7-B510-4C20-9FB4-B99BAF7E3517}.Release|Any CPU.Build.0 = Release|Any CPU
	EndGlobalSection
EndGlobal
